
Microsoft Visual Studio Solution File, Format Version 12.00
# Visual Studio 15
VisualStudioVersion = 15.0.27428.2002
MinimumVisualStudioVersion = 10.0.40219.1
Project("{FAE04EC0-301F-11D3-BF4B-00C04F79EFBC}") = "WorkingWithHandleErrorAttributeDemo", "WorkingWithHandleErrorAttributeDemo\WorkingWithHandleErrorAttributeDemo.csproj", "{B03D1BC2-01E3-4A83-90D3-F820C6EFEAF2}"
EndProject
Global
	GlobalSection(SolutionConfigurationPlatforms) = preSolution
		Debug|Any CPU = Debug|Any CPU
		Release|Any CPU = Release|Any CPU
	EndGlobalSection
	GlobalSection(ProjectConfigurationPlatforms) = postSolution
		{B03D1BC2-01E3-4A83-90D3-F820C6EFEAF2}.Debug|Any CPU.ActiveCfg = Debug|Any CPU
		{B03D1BC2-01E3-4A83-90D3-F820C6EFEAF2}.Debug|Any CPU.Build.0 = Debug|Any CPU
		{B03D1BC2-01E3-4A83-90D3-F820C6EFEAF2}.Release|Any CPU.ActiveCfg = Release|Any CPU
		{B03D1BC2-01E3-4A83-90D3-F820C6EFEAF2}.Release|Any CPU.Build.0 = Release|Any CPU
	EndGlobalSection
	GlobalSection(SolutionProperties) = preSolution
		HideSolutionNode = FALSE
	EndGlobalSection
	GlobalSection(ExtensibilityGlobals) = postSolution
		SolutionGuid = {86D875D3-A007-40BC-ACD3-D5286AD57889}
	EndGlobalSection
EndGlobal
