
Microsoft Visual Studio Solution File, Format Version 12.00
# Visual Studio 15
VisualStudioVersion = 15.0.27428.2002
MinimumVisualStudioVersion = 10.0.40219.1
Project("{FAE04EC0-301F-11D3-BF4B-00C04F79EFBC}") = "UnderstandingBindingTechniquesDemo", "UnderstandingBindingTechniquesDemo\UnderstandingBindingTechniquesDemo.csproj", "{952551DE-9338-4F7E-8EB2-EC4916CED173}"
EndProject
Global
	GlobalSection(SolutionConfigurationPlatforms) = preSolution
		Debug|Any CPU = Debug|Any CPU
		Release|Any CPU = Release|Any CPU
	EndGlobalSection
	GlobalSection(ProjectConfigurationPlatforms) = postSolution
		{952551DE-9338-4F7E-8EB2-EC4916CED173}.Debug|Any CPU.ActiveCfg = Debug|Any CPU
		{952551DE-9338-4F7E-8EB2-EC4916CED173}.Debug|Any CPU.Build.0 = Debug|Any CPU
		{952551DE-9338-4F7E-8EB2-EC4916CED173}.Release|Any CPU.ActiveCfg = Release|Any CPU
		{952551DE-9338-4F7E-8EB2-EC4916CED173}.Release|Any CPU.Build.0 = Release|Any CPU
	EndGlobalSection
	GlobalSection(SolutionProperties) = preSolution
		HideSolutionNode = FALSE
	EndGlobalSection
	GlobalSection(ExtensibilityGlobals) = postSolution
		SolutionGuid = {9C1C6311-286B-4719-AC14-A35EDC410FF7}
	EndGlobalSection
EndGlobal
