
Microsoft Visual Studio Solution File, Format Version 12.00
# Visual Studio 15
VisualStudioVersion = 15.0.27428.2002
MinimumVisualStudioVersion = 10.0.40219.1
Project("{FAE04EC0-301F-11D3-BF4B-00C04F79EFBC}") = "CustomActionFiltersDemo", "CustomActionFiltersDemo\CustomActionFiltersDemo.csproj", "{B83B710B-2770-41EA-A1AD-19D861C0CFDC}"
EndProject
Global
	GlobalSection(SolutionConfigurationPlatforms) = preSolution
		Debug|Any CPU = Debug|Any CPU
		Release|Any CPU = Release|Any CPU
	EndGlobalSection
	GlobalSection(ProjectConfigurationPlatforms) = postSolution
		{B83B710B-2770-41EA-A1AD-19D861C0CFDC}.Debug|Any CPU.ActiveCfg = Debug|Any CPU
		{B83B710B-2770-41EA-A1AD-19D861C0CFDC}.Debug|Any CPU.Build.0 = Debug|Any CPU
		{B83B710B-2770-41EA-A1AD-19D861C0CFDC}.Release|Any CPU.ActiveCfg = Release|Any CPU
		{B83B710B-2770-41EA-A1AD-19D861C0CFDC}.Release|Any CPU.Build.0 = Release|Any CPU
	EndGlobalSection
	GlobalSection(SolutionProperties) = preSolution
		HideSolutionNode = FALSE
	EndGlobalSection
	GlobalSection(ExtensibilityGlobals) = postSolution
		SolutionGuid = {8CC20557-AF2B-4C5A-9427-5F88BFCBCD23}
	EndGlobalSection
EndGlobal
