
Microsoft Visual Studio Solution File, Format Version 12.00
# Visual Studio 15
VisualStudioVersion = 15.0.27428.2002
MinimumVisualStudioVersion = 10.0.40219.1
Project("{FAE04EC0-301F-11D3-BF4B-00C04F79EFBC}") = "PartialViewsDemo", "PartialViewsDemo\PartialViewsDemo.csproj", "{2E6494D6-E265-4A35-BF4C-0B22FA685E70}"
EndProject
Global
	GlobalSection(SolutionConfigurationPlatforms) = preSolution
		Debug|Any CPU = Debug|Any CPU
		Release|Any CPU = Release|Any CPU
	EndGlobalSection
	GlobalSection(ProjectConfigurationPlatforms) = postSolution
		{2E6494D6-E265-4A35-BF4C-0B22FA685E70}.Debug|Any CPU.ActiveCfg = Debug|Any CPU
		{2E6494D6-E265-4A35-BF4C-0B22FA685E70}.Debug|Any CPU.Build.0 = Debug|Any CPU
		{2E6494D6-E265-4A35-BF4C-0B22FA685E70}.Release|Any CPU.ActiveCfg = Release|Any CPU
		{2E6494D6-E265-4A35-BF4C-0B22FA685E70}.Release|Any CPU.Build.0 = Release|Any CPU
	EndGlobalSection
	GlobalSection(SolutionProperties) = preSolution
		HideSolutionNode = FALSE
	EndGlobalSection
	GlobalSection(ExtensibilityGlobals) = postSolution
		SolutionGuid = {7448F32D-0AE4-4D94-AC21-5A1B25218A0C}
	EndGlobalSection
EndGlobal
