
Microsoft Visual Studio Solution File, Format Version 12.00
# Visual Studio 15
VisualStudioVersion = 15.0.27428.2002
MinimumVisualStudioVersion = 10.0.40219.1
Project("{FAE04EC0-301F-11D3-BF4B-00C04F79EFBC}") = "StateManagementTechniquesDemo", "StateManagementTechniquesDemo\StateManagementTechniquesDemo.csproj", "{6C024867-B71C-4396-9E7F-C65E58D3C392}"
EndProject
Global
	GlobalSection(SolutionConfigurationPlatforms) = preSolution
		Debug|Any CPU = Debug|Any CPU
		Release|Any CPU = Release|Any CPU
	EndGlobalSection
	GlobalSection(ProjectConfigurationPlatforms) = postSolution
		{6C024867-B71C-4396-9E7F-C65E58D3C392}.Debug|Any CPU.ActiveCfg = Debug|Any CPU
		{6C024867-B71C-4396-9E7F-C65E58D3C392}.Debug|Any CPU.Build.0 = Debug|Any CPU
		{6C024867-B71C-4396-9E7F-C65E58D3C392}.Release|Any CPU.ActiveCfg = Release|Any CPU
		{6C024867-B71C-4396-9E7F-C65E58D3C392}.Release|Any CPU.Build.0 = Release|Any CPU
	EndGlobalSection
	GlobalSection(SolutionProperties) = preSolution
		HideSolutionNode = FALSE
	EndGlobalSection
	GlobalSection(ExtensibilityGlobals) = postSolution
		SolutionGuid = {AC75A047-2981-49A1-9C42-B39527E4E270}
	EndGlobalSection
EndGlobal
